// !$*UTF8*$!
{
	archiveVersion = 1;
	classes = {
	};
	objectVersion = 46;
	objects = {

/* Begin PBXBuildFile section */
		101462F71E59332100FCA9B0 /* BrowseChemicalsViewController.swift in Sources */ = {isa = PBXBuildFile; fileRef = 101462F61E59332100FCA9B0 /* BrowseChemicalsViewController.swift */; };
		101462FB1E5BF5AC00FCA9B0 /* ADVSegmentedControl.swift in Sources */ = {isa = PBXBuildFile; fileRef = 101462FA1E5BF5AC00FCA9B0 /* ADVSegmentedControl.swift */; };
		1025E1BF1E07B58E00E6C25F /* DetailViewController.swift in Sources */ = {isa = PBXBuildFile; fileRef = 1025E1BE1E07B58E00E6C25F /* DetailViewController.swift */; };
		104A0C241E6A95C0006F6122 /* Century Gothic.ttf in Resources */ = {isa = PBXBuildFile; fileRef = 104A0C231E6A95C0006F6122 /* Century Gothic.ttf */; };
		105596E31E823B20004FB275 /* TutorialViewController.swift in Sources */ = {isa = PBXBuildFile; fileRef = 105596E21E823B20004FB275 /* TutorialViewController.swift */; };
		1066BA381E73B7BF00CAD47C /* County.json in Resources */ = {isa = PBXBuildFile; fileRef = 1066BA371E73B7BF00CAD47C /* County.json */; };
		1066BA3C1E73C60200CAD47C /* BrowseCountiesViewController.swift in Sources */ = {isa = PBXBuildFile; fileRef = 1066BA3B1E73C60200CAD47C /* BrowseCountiesViewController.swift */; };
		106AE0751E0DCE6D00A1EF6C /* ShowInMapViewController.swift in Sources */ = {isa = PBXBuildFile; fileRef = 106AE0741E0DCE6D00A1EF6C /* ShowInMapViewController.swift */; };
		1079B9EC1D8DC1EA00F56695 /* AppDelegate.swift in Sources */ = {isa = PBXBuildFile; fileRef = 1079B9EB1D8DC1EA00F56695 /* AppDelegate.swift */; };
		1079B9EE1D8DC1EA00F56695 /* HomeViewController.swift in Sources */ = {isa = PBXBuildFile; fileRef = 1079B9ED1D8DC1EA00F56695 /* HomeViewController.swift */; };
		1079B9F01D8DC1EA00F56695 /* BrowseViewController.swift in Sources */ = {isa = PBXBuildFile; fileRef = 1079B9EF1D8DC1EA00F56695 /* BrowseViewController.swift */; };
		1079B9F31D8DC1EA00F56695 /* Main.storyboard in Resources */ = {isa = PBXBuildFile; fileRef = 1079B9F11D8DC1EA00F56695 /* Main.storyboard */; };
		1079B9F51D8DC1EA00F56695 /* Assets.xcassets in Resources */ = {isa = PBXBuildFile; fileRef = 1079B9F41D8DC1EA00F56695 /* Assets.xcassets */; };
		1079B9F81D8DC1EA00F56695 /* LaunchScreen.storyboard in Resources */ = {isa = PBXBuildFile; fileRef = 1079B9F61D8DC1EA00F56695 /* LaunchScreen.storyboard */; };
		1079BA001D8DCB5700F56695 /* FacilitiesTableViewController.swift in Sources */ = {isa = PBXBuildFile; fileRef = 1079B9FF1D8DCB5700F56695 /* FacilitiesTableViewController.swift */; };
		1079BA021D8DCD6000F56695 /* Constants.swift in Sources */ = {isa = PBXBuildFile; fileRef = 1079BA011D8DCD6000F56695 /* Constants.swift */; };
		1079BA061D8DCEC900F56695 /* Chemical.swift in Sources */ = {isa = PBXBuildFile; fileRef = 1079BA051D8DCEC900F56695 /* Chemical.swift */; };
		1079BA091D8DD45900F56695 /* Facility.swift in Sources */ = {isa = PBXBuildFile; fileRef = 1079BA081D8DD45900F56695 /* Facility.swift */; };
		10A5CA4E1DA0C0EA001A863E /* CustomInfoWindow.xib in Resources */ = {isa = PBXBuildFile; fileRef = 10A5CA4C1DA0C0EA001A863E /* CustomInfoWindow.xib */; };
		10A5CA4F1DA0C0EA001A863E /* CustomInfoWindow.swift in Sources */ = {isa = PBXBuildFile; fileRef = 10A5CA4D1DA0C0EA001A863E /* CustomInfoWindow.swift */; };
		10C8A6EA1E62035300321A35 /* CenturyGothic.ttf in Resources */ = {isa = PBXBuildFile; fileRef = 10C8A6E91E62033E00321A35 /* CenturyGothic.ttf */; };
		10CAC9771E3AC1D10039F470 /* FAQViewController.swift in Sources */ = {isa = PBXBuildFile; fileRef = 10CAC9761E3AC1D10039F470 /* FAQViewController.swift */; };
		10CAC97A1E3AC9070039F470 /* MoreInfoViewController.swift in Sources */ = {isa = PBXBuildFile; fileRef = 10CAC9791E3AC9070039F470 /* MoreInfoViewController.swift */; };
		10CAC97D1E3AD1CC0039F470 /* AboutViewController.swift in Sources */ = {isa = PBXBuildFile; fileRef = 10CAC97C1E3AD1CC0039F470 /* AboutViewController.swift */; };
		10CAC97F1E3ADFE30039F470 /* BrowseStateViewController.swift in Sources */ = {isa = PBXBuildFile; fileRef = 10CAC97E1E3ADFE30039F470 /* BrowseStateViewController.swift */; };
		10DE15091E989AAF007C86E3 /* Manager.swift in Sources */ = {isa = PBXBuildFile; fileRef = 10DE15081E989AAF007C86E3 /* Manager.swift */; };
		4B5E3544F328460247135C06 /* Pods_TOXMAP.framework in Frameworks */ = {isa = PBXBuildFile; fileRef = A14FF0DAD9B5243A1E5EEE69 /* Pods_TOXMAP.framework */; };
/* End PBXBuildFile section */

/* Begin PBXFileReference section */
		101462F61E59332100FCA9B0 /* BrowseChemicalsViewController.swift */ = {isa = PBXFileReference; fileEncoding = 4; lastKnownFileType = sourcecode.swift; path = BrowseChemicalsViewController.swift; sourceTree = "<group>"; };
		101462FA1E5BF5AC00FCA9B0 /* ADVSegmentedControl.swift */ = {isa = PBXFileReference; fileEncoding = 4; lastKnownFileType = sourcecode.swift; path = ADVSegmentedControl.swift; sourceTree = "<group>"; };
		1025E1BE1E07B58E00E6C25F /* DetailViewController.swift */ = {isa = PBXFileReference; fileEncoding = 4; lastKnownFileType = sourcecode.swift; path = DetailViewController.swift; sourceTree = "<group>"; };
		104A0C231E6A95C0006F6122 /* Century Gothic.ttf */ = {isa = PBXFileReference; fileEncoding = 4; lastKnownFileType = text; path = "Century Gothic.ttf"; sourceTree = "<group>"; };
		105596E21E823B20004FB275 /* TutorialViewController.swift */ = {isa = PBXFileReference; fileEncoding = 4; lastKnownFileType = sourcecode.swift; path = TutorialViewController.swift; sourceTree = "<group>"; };
		1066BA371E73B7BF00CAD47C /* County.json */ = {isa = PBXFileReference; fileEncoding = 4; lastKnownFileType = text.json; path = County.json; sourceTree = "<group>"; };
		1066BA3B1E73C60200CAD47C /* BrowseCountiesViewController.swift */ = {isa = PBXFileReference; fileEncoding = 4; lastKnownFileType = sourcecode.swift; path = BrowseCountiesViewController.swift; sourceTree = "<group>"; };
		106AE0741E0DCE6D00A1EF6C /* ShowInMapViewController.swift */ = {isa = PBXFileReference; fileEncoding = 4; lastKnownFileType = sourcecode.swift; path = ShowInMapViewController.swift; sourceTree = "<group>"; };
		1079B9E81D8DC1EA00F56695 /* TOXMAP.app */ = {isa = PBXFileReference; explicitFileType = wrapper.application; includeInIndex = 0; path = TOXMAP.app; sourceTree = BUILT_PRODUCTS_DIR; };
		1079B9EB1D8DC1EA00F56695 /* AppDelegate.swift */ = {isa = PBXFileReference; lastKnownFileType = sourcecode.swift; path = AppDelegate.swift; sourceTree = "<group>"; };
		1079B9ED1D8DC1EA00F56695 /* HomeViewController.swift */ = {isa = PBXFileReference; lastKnownFileType = sourcecode.swift; path = HomeViewController.swift; sourceTree = "<group>"; };
		1079B9EF1D8DC1EA00F56695 /* BrowseViewController.swift */ = {isa = PBXFileReference; lastKnownFileType = sourcecode.swift; path = BrowseViewController.swift; sourceTree = "<group>"; };
		1079B9F21D8DC1EA00F56695 /* Base */ = {isa = PBXFileReference; lastKnownFileType = file.storyboard; name = Base; path = Base.lproj/Main.storyboard; sourceTree = "<group>"; };
		1079B9F41D8DC1EA00F56695 /* Assets.xcassets */ = {isa = PBXFileReference; lastKnownFileType = folder.assetcatalog; path = Assets.xcassets; sourceTree = "<group>"; };
		1079B9F71D8DC1EA00F56695 /* Base */ = {isa = PBXFileReference; lastKnownFileType = file.storyboard; name = Base; path = Base.lproj/LaunchScreen.storyboard; sourceTree = "<group>"; };
		1079B9F91D8DC1EA00F56695 /* Info.plist */ = {isa = PBXFileReference; lastKnownFileType = text.plist.xml; path = Info.plist; sourceTree = "<group>"; };
		1079B9FF1D8DCB5700F56695 /* FacilitiesTableViewController.swift */ = {isa = PBXFileReference; fileEncoding = 4; lastKnownFileType = sourcecode.swift; path = FacilitiesTableViewController.swift; sourceTree = "<group>"; };
		1079BA011D8DCD6000F56695 /* Constants.swift */ = {isa = PBXFileReference; fileEncoding = 4; lastKnownFileType = sourcecode.swift; path = Constants.swift; sourceTree = "<group>"; };
		1079BA051D8DCEC900F56695 /* Chemical.swift */ = {isa = PBXFileReference; fileEncoding = 4; lastKnownFileType = sourcecode.swift; path = Chemical.swift; sourceTree = "<group>"; };
		1079BA081D8DD45900F56695 /* Facility.swift */ = {isa = PBXFileReference; fileEncoding = 4; lastKnownFileType = sourcecode.swift; path = Facility.swift; sourceTree = "<group>"; };
		10A5CA4C1DA0C0EA001A863E /* CustomInfoWindow.xib */ = {isa = PBXFileReference; fileEncoding = 4; lastKnownFileType = file.xib; path = CustomInfoWindow.xib; sourceTree = "<group>"; };
		10A5CA4D1DA0C0EA001A863E /* CustomInfoWindow.swift */ = {isa = PBXFileReference; fileEncoding = 4; lastKnownFileType = sourcecode.swift; path = CustomInfoWindow.swift; sourceTree = "<group>"; };
		10C8A6E91E62033E00321A35 /* CenturyGothic.ttf */ = {isa = PBXFileReference; lastKnownFileType = file; path = CenturyGothic.ttf; sourceTree = "<group>"; };
		10CAC9761E3AC1D10039F470 /* FAQViewController.swift */ = {isa = PBXFileReference; fileEncoding = 4; lastKnownFileType = sourcecode.swift; path = FAQViewController.swift; sourceTree = "<group>"; };
		10CAC9791E3AC9070039F470 /* MoreInfoViewController.swift */ = {isa = PBXFileReference; fileEncoding = 4; lastKnownFileType = sourcecode.swift; path = MoreInfoViewController.swift; sourceTree = "<group>"; };
		10CAC97C1E3AD1CC0039F470 /* AboutViewController.swift */ = {isa = PBXFileReference; fileEncoding = 4; lastKnownFileType = sourcecode.swift; path = AboutViewController.swift; sourceTree = "<group>"; };
		10CAC97E1E3ADFE30039F470 /* BrowseStateViewController.swift */ = {isa = PBXFileReference; fileEncoding = 4; lastKnownFileType = sourcecode.swift; path = BrowseStateViewController.swift; sourceTree = "<group>"; };
		10DE15081E989AAF007C86E3 /* Manager.swift */ = {isa = PBXFileReference; fileEncoding = 4; lastKnownFileType = sourcecode.swift; path = Manager.swift; sourceTree = "<group>"; };
		4AD731887C448C73C5B22F85 /* Pods-TOXMAP.debug.xcconfig */ = {isa = PBXFileReference; includeInIndex = 1; lastKnownFileType = text.xcconfig; name = "Pods-TOXMAP.debug.xcconfig"; path = "Pods/Target Support Files/Pods-TOXMAP/Pods-TOXMAP.debug.xcconfig"; sourceTree = "<group>"; };
		926615C45E87DA638FFF2D9E /* Pods-TOXMAP.release.xcconfig */ = {isa = PBXFileReference; includeInIndex = 1; lastKnownFileType = text.xcconfig; name = "Pods-TOXMAP.release.xcconfig"; path = "Pods/Target Support Files/Pods-TOXMAP/Pods-TOXMAP.release.xcconfig"; sourceTree = "<group>"; };
		A14FF0DAD9B5243A1E5EEE69 /* Pods_TOXMAP.framework */ = {isa = PBXFileReference; explicitFileType = wrapper.framework; includeInIndex = 0; path = Pods_TOXMAP.framework; sourceTree = BUILT_PRODUCTS_DIR; };
/* End PBXFileReference section */

/* Begin PBXFrameworksBuildPhase section */
		1079B9E51D8DC1EA00F56695 /* Frameworks */ = {
			isa = PBXFrameworksBuildPhase;
			buildActionMask = 2147483647;
			files = (
				4B5E3544F328460247135C06 /* Pods_TOXMAP.framework in Frameworks */,
			);
			runOnlyForDeploymentPostprocessing = 0;
		};
/* End PBXFrameworksBuildPhase section */

/* Begin PBXGroup section */
		1079B9DF1D8DC1EA00F56695 = {
			isa = PBXGroup;
			children = (
				1079B9EA1D8DC1EA00F56695 /* TOXMAP */,
				1079B9E91D8DC1EA00F56695 /* Products */,
				AE26E30AEA5663A7C91275F7 /* Pods */,
				6851ED81DD9FD4CB4677B41E /* Frameworks */,
			);
			sourceTree = "<group>";
		};
		1079B9E91D8DC1EA00F56695 /* Products */ = {
			isa = PBXGroup;
			children = (
				1079B9E81D8DC1EA00F56695 /* TOXMAP.app */,
			);
			name = Products;
			sourceTree = "<group>";
		};
		1079B9EA1D8DC1EA00F56695 /* TOXMAP */ = {
			isa = PBXGroup;
			children = (
				1079B9EB1D8DC1EA00F56695 /* AppDelegate.swift */,
				10CAC9811E3AE3C50039F470 /* Search */,
				10CAC9801E3AE3BC0039F470 /* Browse */,
				1079BA071D8DD19300F56695 /* Model */,
				1079B9F11D8DC1EA00F56695 /* Main.storyboard */,
				10CAC97B1E3AC9110039F470 /* MoreInfo */,
				10CAC9781E3AC8C60039F470 /* Others */,
			);
			path = TOXMAP;
			sourceTree = "<group>";
		};
		1079BA071D8DD19300F56695 /* Model */ = {
			isa = PBXGroup;
			children = (
				1079BA011D8DCD6000F56695 /* Constants.swift */,
				10DE15081E989AAF007C86E3 /* Manager.swift */,
				1079BA051D8DCEC900F56695 /* Chemical.swift */,
				1079BA081D8DD45900F56695 /* Facility.swift */,
			);
			name = Model;
			sourceTree = "<group>";
		};
		10CAC9781E3AC8C60039F470 /* Others */ = {
			isa = PBXGroup;
			children = (
				101462FA1E5BF5AC00FCA9B0 /* ADVSegmentedControl.swift */,
				10A5CA4C1DA0C0EA001A863E /* CustomInfoWindow.xib */,
				10C8A6E91E62033E00321A35 /* CenturyGothic.ttf */,
				104A0C231E6A95C0006F6122 /* Century Gothic.ttf */,
				10A5CA4D1DA0C0EA001A863E /* CustomInfoWindow.swift */,
				1066BA371E73B7BF00CAD47C /* County.json */,
				1079B9F41D8DC1EA00F56695 /* Assets.xcassets */,
				1079B9F61D8DC1EA00F56695 /* LaunchScreen.storyboard */,
				1079B9F91D8DC1EA00F56695 /* Info.plist */,
			);
			name = Others;
			sourceTree = "<group>";
		};
		10CAC97B1E3AC9110039F470 /* MoreInfo */ = {
			isa = PBXGroup;
			children = (
				10CAC97C1E3AD1CC0039F470 /* AboutViewController.swift */,
				105596E21E823B20004FB275 /* TutorialViewController.swift */,
				10CAC9761E3AC1D10039F470 /* FAQViewController.swift */,
				10CAC9791E3AC9070039F470 /* MoreInfoViewController.swift */,
			);
			name = MoreInfo;
			sourceTree = "<group>";
		};
		10CAC9801E3AE3BC0039F470 /* Browse */ = {
			isa = PBXGroup;
			children = (
				1079B9EF1D8DC1EA00F56695 /* BrowseViewController.swift */,
				10CAC97E1E3ADFE30039F470 /* BrowseStateViewController.swift */,
				1079B9FF1D8DCB5700F56695 /* FacilitiesTableViewController.swift */,
				1066BA3B1E73C60200CAD47C /* BrowseCountiesViewController.swift */,
				101462F61E59332100FCA9B0 /* BrowseChemicalsViewController.swift */,
				106AE0741E0DCE6D00A1EF6C /* ShowInMapViewController.swift */,
			);
			name = Browse;
			sourceTree = "<group>";
		};
		10CAC9811E3AE3C50039F470 /* Search */ = {
			isa = PBXGroup;
			children = (
				1079B9ED1D8DC1EA00F56695 /* HomeViewController.swift */,
				1025E1BE1E07B58E00E6C25F /* DetailViewController.swift */,
			);
			name = Search;
			sourceTree = "<group>";
		};
		6851ED81DD9FD4CB4677B41E /* Frameworks */ = {
			isa = PBXGroup;
			children = (
				A14FF0DAD9B5243A1E5EEE69 /* Pods_TOXMAP.framework */,
			);
			name = Frameworks;
			sourceTree = "<group>";
		};
		AE26E30AEA5663A7C91275F7 /* Pods */ = {
			isa = PBXGroup;
			children = (
				4AD731887C448C73C5B22F85 /* Pods-TOXMAP.debug.xcconfig */,
				926615C45E87DA638FFF2D9E /* Pods-TOXMAP.release.xcconfig */,
			);
			name = Pods;
			sourceTree = "<group>";
		};
/* End PBXGroup section */

/* Begin PBXNativeTarget section */
		1079B9E71D8DC1EA00F56695 /* TOXMAP */ = {
			isa = PBXNativeTarget;
			buildConfigurationList = 1079B9FC1D8DC1EA00F56695 /* Build configuration list for PBXNativeTarget "TOXMAP" */;
			buildPhases = (
				19CFA7BDF52317832CCD7AF8 /* 📦 Check Pods Manifest.lock */,
				1079B9E41D8DC1EA00F56695 /* Sources */,
				1079B9E51D8DC1EA00F56695 /* Frameworks */,
				1079B9E61D8DC1EA00F56695 /* Resources */,
				F7C90222CCE6D51113DC08AC /* 📦 Embed Pods Frameworks */,
				1E127A509A2BEBE913F0F4A3 /* 📦 Copy Pods Resources */,
			);
			buildRules = (
			);
			dependencies = (
			);
			name = TOXMAP;
			productName = TOXMAP;
			productReference = 1079B9E81D8DC1EA00F56695 /* TOXMAP.app */;
			productType = "com.apple.product-type.application";
		};
/* End PBXNativeTarget section */

/* Begin PBXProject section */
		1079B9E01D8DC1EA00F56695 /* Project object */ = {
			isa = PBXProject;
			attributes = {
				LastSwiftUpdateCheck = 0800;
				LastUpgradeCheck = 0820;
				ORGANIZATIONNAME = NIH;
				TargetAttributes = {
					1079B9E71D8DC1EA00F56695 = {
						CreatedOnToolsVersion = 8.0;
						DevelopmentTeam = 467MTJSPA6;
						LastSwiftMigration = 0820;
						ProvisioningStyle = Automatic;
					};
				};
			};
			buildConfigurationList = 1079B9E31D8DC1EA00F56695 /* Build configuration list for PBXProject "TOXMAP" */;
			compatibilityVersion = "Xcode 3.2";
			developmentRegion = English;
			hasScannedForEncodings = 0;
			knownRegions = (
				en,
				Base,
			);
			mainGroup = 1079B9DF1D8DC1EA00F56695;
			productRefGroup = 1079B9E91D8DC1EA00F56695 /* Products */;
			projectDirPath = "";
			projectRoot = "";
			targets = (
				1079B9E71D8DC1EA00F56695 /* TOXMAP */,
			);
		};
/* End PBXProject section */

/* Begin PBXResourcesBuildPhase section */
		1079B9E61D8DC1EA00F56695 /* Resources */ = {
			isa = PBXResourcesBuildPhase;
			buildActionMask = 2147483647;
			files = (
				10C8A6EA1E62035300321A35 /* CenturyGothic.ttf in Resources */,
				10A5CA4E1DA0C0EA001A863E /* CustomInfoWindow.xib in Resources */,
				1079B9F81D8DC1EA00F56695 /* LaunchScreen.storyboard in Resources */,
				1079B9F51D8DC1EA00F56695 /* Assets.xcassets in Resources */,
				1066BA381E73B7BF00CAD47C /* County.json in Resources */,
				104A0C241E6A95C0006F6122 /* Century Gothic.ttf in Resources */,
				1079B9F31D8DC1EA00F56695 /* Main.storyboard in Resources */,
			);
			runOnlyForDeploymentPostprocessing = 0;
		};
/* End PBXResourcesBuildPhase section */

/* Begin PBXShellScriptBuildPhase section */
		19CFA7BDF52317832CCD7AF8 /* 📦 Check Pods Manifest.lock */ = {
			isa = PBXShellScriptBuildPhase;
			buildActionMask = 2147483647;
			files = (
			);
			inputPaths = (
			);
			name = "📦 Check Pods Manifest.lock";
			outputPaths = (
			);
			runOnlyForDeploymentPostprocessing = 0;
			shellPath = /bin/sh;
			shellScript = "diff \"${PODS_ROOT}/../Podfile.lock\" \"${PODS_ROOT}/Manifest.lock\" > /dev/null\nif [[ $? != 0 ]] ; then\n    cat << EOM\nerror: The sandbox is not in sync with the Podfile.lock. Run 'pod install' or update your CocoaPods installation.\nEOM\n    exit 1\nfi\n";
			showEnvVarsInLog = 0;
		};
		1E127A509A2BEBE913F0F4A3 /* 📦 Copy Pods Resources */ = {
			isa = PBXShellScriptBuildPhase;
			buildActionMask = 2147483647;
			files = (
			);
			inputPaths = (
			);
			name = "📦 Copy Pods Resources";
			outputPaths = (
			);
			runOnlyForDeploymentPostprocessing = 0;
			shellPath = /bin/sh;
			shellScript = "\"${SRCROOT}/Pods/Target Support Files/Pods-TOXMAP/Pods-TOXMAP-resources.sh\"\n";
			showEnvVarsInLog = 0;
		};
		F7C90222CCE6D51113DC08AC /* 📦 Embed Pods Frameworks */ = {
			isa = PBXShellScriptBuildPhase;
			buildActionMask = 2147483647;
			files = (
			);
			inputPaths = (
			);
			name = "📦 Embed Pods Frameworks";
			outputPaths = (
			);
			runOnlyForDeploymentPostprocessing = 0;
			shellPath = /bin/sh;
			shellScript = "\"${SRCROOT}/Pods/Target Support Files/Pods-TOXMAP/Pods-TOXMAP-frameworks.sh\"\n";
			showEnvVarsInLog = 0;
		};
/* End PBXShellScriptBuildPhase section */

/* Begin PBXSourcesBuildPhase section */
		1079B9E41D8DC1EA00F56695 /* Sources */ = {
			isa = PBXSourcesBuildPhase;
			buildActionMask = 2147483647;
			files = (
				1079BA021D8DCD6000F56695 /* Constants.swift in Sources */,
				1079BA061D8DCEC900F56695 /* Chemical.swift in Sources */,
				1079B9F01D8DC1EA00F56695 /* BrowseViewController.swift in Sources */,
				10A5CA4F1DA0C0EA001A863E /* CustomInfoWindow.swift in Sources */,
				10CAC97F1E3ADFE30039F470 /* BrowseStateViewController.swift in Sources */,
				101462F71E59332100FCA9B0 /* BrowseChemicalsViewController.swift in Sources */,
				10CAC9771E3AC1D10039F470 /* FAQViewController.swift in Sources */,
				1079BA001D8DCB5700F56695 /* FacilitiesTableViewController.swift in Sources */,
				105596E31E823B20004FB275 /* TutorialViewController.swift in Sources */,
				1079B9EC1D8DC1EA00F56695 /* AppDelegate.swift in Sources */,
				1025E1BF1E07B58E00E6C25F /* DetailViewController.swift in Sources */,
				1079BA091D8DD45900F56695 /* Facility.swift in Sources */,
				10CAC97A1E3AC9070039F470 /* MoreInfoViewController.swift in Sources */,
				1066BA3C1E73C60200CAD47C /* BrowseCountiesViewController.swift in Sources */,
				101462FB1E5BF5AC00FCA9B0 /* ADVSegmentedControl.swift in Sources */,
				1079B9EE1D8DC1EA00F56695 /* HomeViewController.swift in Sources */,
				10CAC97D1E3AD1CC0039F470 /* AboutViewController.swift in Sources */,
				106AE0751E0DCE6D00A1EF6C /* ShowInMapViewController.swift in Sources */,
				10DE15091E989AAF007C86E3 /* Manager.swift in Sources */,
			);
			runOnlyForDeploymentPostprocessing = 0;
		};
/* End PBXSourcesBuildPhase section */

/* Begin PBXVariantGroup section */
		1079B9F11D8DC1EA00F56695 /* Main.storyboard */ = {
			isa = PBXVariantGroup;
			children = (
				1079B9F21D8DC1EA00F56695 /* Base */,
			);
			name = Main.storyboard;
			sourceTree = "<group>";
		};
		1079B9F61D8DC1EA00F56695 /* LaunchScreen.storyboard */ = {
			isa = PBXVariantGroup;
			children = (
				1079B9F71D8DC1EA00F56695 /* Base */,
			);
			name = LaunchScreen.storyboard;
			sourceTree = "<group>";
		};
/* End PBXVariantGroup section */

/* Begin XCBuildConfiguration section */
		1079B9FA1D8DC1EA00F56695 /* Debug */ = {
			isa = XCBuildConfiguration;
			buildSettings = {
				ALWAYS_SEARCH_USER_PATHS = NO;
				CLANG_ANALYZER_NONNULL = YES;
				CLANG_CXX_LANGUAGE_STANDARD = "gnu++0x";
				CLANG_CXX_LIBRARY = "libc++";
				CLANG_ENABLE_MODULES = YES;
				CLANG_ENABLE_OBJC_ARC = YES;
				CLANG_WARN_BOOL_CONVERSION = YES;
				CLANG_WARN_CONSTANT_CONVERSION = YES;
				CLANG_WARN_DIRECT_OBJC_ISA_USAGE = YES_ERROR;
				CLANG_WARN_DOCUMENTATION_COMMENTS = YES;
				CLANG_WARN_EMPTY_BODY = YES;
				CLANG_WARN_ENUM_CONVERSION = YES;
				CLANG_WARN_INFINITE_RECURSION = YES;
				CLANG_WARN_INT_CONVERSION = YES;
				CLANG_WARN_OBJC_ROOT_CLASS = YES_ERROR;
				CLANG_WARN_SUSPICIOUS_MOVE = YES;
				CLANG_WARN_SUSPICIOUS_MOVES = YES;
				CLANG_WARN_UNREACHABLE_CODE = YES;
				CLANG_WARN__DUPLICATE_METHOD_MATCH = YES;
				"CODE_SIGN_IDENTITY[sdk=iphoneos*]" = "iPhone Developer";
				COPY_PHASE_STRIP = NO;
				DEBUG_INFORMATION_FORMAT = dwarf;
				ENABLE_STRICT_OBJC_MSGSEND = YES;
				ENABLE_TESTABILITY = YES;
				GCC_C_LANGUAGE_STANDARD = gnu99;
				GCC_DYNAMIC_NO_PIC = NO;
				GCC_NO_COMMON_BLOCKS = YES;
				GCC_OPTIMIZATION_LEVEL = 0;
				GCC_PREPROCESSOR_DEFINITIONS = (
					"DEBUG=1",
					"$(inherited)",
				);
				GCC_WARN_64_TO_32_BIT_CONVERSION = YES;
				GCC_WARN_ABOUT_RETURN_TYPE = YES_ERROR;
				GCC_WARN_UNDECLARED_SELECTOR = YES;
				GCC_WARN_UNINITIALIZED_AUTOS = YES_AGGRESSIVE;
				GCC_WARN_UNUSED_FUNCTION = YES;
				GCC_WARN_UNUSED_VARIABLE = YES;
				IPHONEOS_DEPLOYMENT_TARGET = 10.0;
				MTL_ENABLE_DEBUG_INFO = YES;
				ONLY_ACTIVE_ARCH = YES;
				SDKROOT = iphoneos;
				SWIFT_ACTIVE_COMPILATION_CONDITIONS = DEBUG;
				SWIFT_OPTIMIZATION_LEVEL = "-Onone";
				TARGETED_DEVICE_FAMILY = "1,2";
			};
			name = Debug;
		};
		1079B9FB1D8DC1EA00F56695 /* Release */ = {
			isa = XCBuildConfiguration;
			buildSettings = {
				ALWAYS_SEARCH_USER_PATHS = NO;
				CLANG_ANALYZER_NONNULL = YES;
				CLANG_CXX_LANGUAGE_STANDARD = "gnu++0x";
				CLANG_CXX_LIBRARY = "libc++";
				CLANG_ENABLE_MODULES = YES;
				CLANG_ENABLE_OBJC_ARC = YES;
				CLANG_WARN_BOOL_CONVERSION = YES;
				CLANG_WARN_CONSTANT_CONVERSION = YES;
				CLANG_WARN_DIRECT_OBJC_ISA_USAGE = YES_ERROR;
				CLANG_WARN_DOCUMENTATION_COMMENTS = YES;
				CLANG_WARN_EMPTY_BODY = YES;
				CLANG_WARN_ENUM_CONVERSION = YES;
				CLANG_WARN_INFINITE_RECURSION = YES;
				CLANG_WARN_INT_CONVERSION = YES;
				CLANG_WARN_OBJC_ROOT_CLASS = YES_ERROR;
				CLANG_WARN_SUSPICIOUS_MOVE = YES;
				CLANG_WARN_SUSPICIOUS_MOVES = YES;
				CLANG_WARN_UNREACHABLE_CODE = YES;
				CLANG_WARN__DUPLICATE_METHOD_MATCH = YES;
				"CODE_SIGN_IDENTITY[sdk=iphoneos*]" = "iPhone Developer";
				COPY_PHASE_STRIP = NO;
				DEBUG_INFORMATION_FORMAT = "dwarf-with-dsym";
				ENABLE_NS_ASSERTIONS = NO;
				ENABLE_STRICT_OBJC_MSGSEND = YES;
				GCC_C_LANGUAGE_STANDARD = gnu99;
				GCC_NO_COMMON_BLOCKS = YES;
				GCC_WARN_64_TO_32_BIT_CONVERSION = YES;
				GCC_WARN_ABOUT_RETURN_TYPE = YES_ERROR;
				GCC_WARN_UNDECLARED_SELECTOR = YES;
				GCC_WARN_UNINITIALIZED_AUTOS = YES_AGGRESSIVE;
				GCC_WARN_UNUSED_FUNCTION = YES;
				GCC_WARN_UNUSED_VARIABLE = YES;
				IPHONEOS_DEPLOYMENT_TARGET = 10.0;
				MTL_ENABLE_DEBUG_INFO = NO;
				SDKROOT = iphoneos;
				SWIFT_OPTIMIZATION_LEVEL = "-Owholemodule";
				TARGETED_DEVICE_FAMILY = "1,2";
				VALIDATE_PRODUCT = YES;
			};
			name = Release;
		};
		1079B9FD1D8DC1EA00F56695 /* Debug */ = {
			isa = XCBuildConfiguration;
			baseConfigurationReference = 4AD731887C448C73C5B22F85 /* Pods-TOXMAP.debug.xcconfig */;
			buildSettings = {
				ASSETCATALOG_COMPILER_APPICON_NAME = AppIcon;
				DEVELOPMENT_TEAM = 467MTJSPA6;
				INFOPLIST_FILE = TOXMAP/Info.plist;
				IPHONEOS_DEPLOYMENT_TARGET = 10.0;
				LD_RUNPATH_SEARCH_PATHS = "$(inherited) @executable_path/Frameworks";
				PRODUCT_BUNDLE_IDENTIFIER = nlm.toxmapdemo;
				PRODUCT_NAME = "$(TARGET_NAME)";
				SWIFT_VERSION = 3.0;
			};
			name = Debug;
		};
		1079B9FE1D8DC1EA00F56695 /* Release */ = {
			isa = XCBuildConfiguration;
			baseConfigurationReference = 926615C45E87DA638FFF2D9E /* Pods-TOXMAP.release.xcconfig */;
			buildSettings = {
				ASSETCATALOG_COMPILER_APPICON_NAME = AppIcon;
				DEVELOPMENT_TEAM = 467MTJSPA6;
				INFOPLIST_FILE = TOXMAP/Info.plist;
				IPHONEOS_DEPLOYMENT_TARGET = 10.0;
				LD_RUNPATH_SEARCH_PATHS = "$(inherited) @executable_path/Frameworks";
				PRODUCT_BUNDLE_IDENTIFIER = nlm.toxmapdemo;
				PRODUCT_NAME = "$(TARGET_NAME)";
				SWIFT_VERSION = 3.0;
			};
			name = Release;
		};
/* End XCBuildConfiguration section */

/* Begin XCConfigurationList section */
		1079B9E31D8DC1EA00F56695 /* Build configuration list for PBXProject "TOXMAP" */ = {
			isa = XCConfigurationList;
			buildConfigurations = (
				1079B9FA1D8DC1EA00F56695 /* Debug */,
				1079B9FB1D8DC1EA00F56695 /* Release */,
			);
			defaultConfigurationIsVisible = 0;
			defaultConfigurationName = Release;
		};
		1079B9FC1D8DC1EA00F56695 /* Build configuration list for PBXNativeTarget "TOXMAP" */ = {
			isa = XCConfigurationList;
			buildConfigurations = (
				1079B9FD1D8DC1EA00F56695 /* Debug */,
				1079B9FE1D8DC1EA00F56695 /* Release */,
			);
			defaultConfigurationIsVisible = 0;
			defaultConfigurationName = Release;
		};
/* End XCConfigurationList section */
	};
	rootObject = 1079B9E01D8DC1EA00F56695 /* Project object */;
}
